
Microsoft Visual Studio Solution File, Format Version 12.00
# Visual Studio Version 16
VisualStudioVersion = 16.0.31515.178
MinimumVisualStudioVersion = 10.0.40219.1
Project("{FAE04EC0-301F-11D3-BF4B-00C04F79EFBC}") = "Auction.LMS.API", "Auction.LMS.API\Auction.LMS.API.csproj", "{73517FE6-37C7-4201-8A4D-961BCA62632C}"
EndProject
Project("{FAE04EC0-301F-11D3-BF4B-00C04F79EFBC}") = "Auction.LMS.CORE", "Auction.LMS.CORE\Auction.LMS.CORE.csproj", "{D4E756CF-FCC8-428B-BC10-A0D588F70062}"
EndProject
Project("{FAE04EC0-301F-11D3-BF4B-00C04F79EFBC}") = "Auction.LMS.INFRA", "Auction.LMS.INFRA\Auction.LMS.INFRA.csproj", "{22365512-9D6F-4529-98B5-544B91CFC787}"
EndProject
Global
	GlobalSection(SolutionConfigurationPlatforms) = preSolution
		Debug|Any CPU = Debug|Any CPU
		Release|Any CPU = Release|Any CPU
	EndGlobalSection
	GlobalSection(ProjectConfigurationPlatforms) = postSolution
		{73517FE6-37C7-4201-8A4D-961BCA62632C}.Debug|Any CPU.ActiveCfg = Debug|Any CPU
		{73517FE6-37C7-4201-8A4D-961BCA62632C}.Debug|Any CPU.Build.0 = Debug|Any CPU
		{73517FE6-37C7-4201-8A4D-961BCA62632C}.Release|Any CPU.ActiveCfg = Release|Any CPU
		{73517FE6-37C7-4201-8A4D-961BCA62632C}.Release|Any CPU.Build.0 = Release|Any CPU
		{D4E756CF-FCC8-428B-BC10-A0D588F70062}.Debug|Any CPU.ActiveCfg = Debug|Any CPU
		{D4E756CF-FCC8-428B-BC10-A0D588F70062}.Debug|Any CPU.Build.0 = Debug|Any CPU
		{D4E756CF-FCC8-428B-BC10-A0D588F70062}.Release|Any CPU.ActiveCfg = Release|Any CPU
		{D4E756CF-FCC8-428B-BC10-A0D588F70062}.Release|Any CPU.Build.0 = Release|Any CPU
		{22365512-9D6F-4529-98B5-544B91CFC787}.Debug|Any CPU.ActiveCfg = Debug|Any CPU
		{22365512-9D6F-4529-98B5-544B91CFC787}.Debug|Any CPU.Build.0 = Debug|Any CPU
		{22365512-9D6F-4529-98B5-544B91CFC787}.Release|Any CPU.ActiveCfg = Release|Any CPU
		{22365512-9D6F-4529-98B5-544B91CFC787}.Release|Any CPU.Build.0 = Release|Any CPU
	EndGlobalSection
	GlobalSection(SolutionProperties) = preSolution
		HideSolutionNode = FALSE
	EndGlobalSection
	GlobalSection(ExtensibilityGlobals) = postSolution
		SolutionGuid = {5C911763-5929-447F-996E-7569D0DBDFFF}
	EndGlobalSection
EndGlobal
